
Microsoft Visual Studio Solution File, Format Version 12.00
# Visual Studio Version 16
VisualStudioVersion = 25.0.1706.6
MinimumVisualStudioVersion = 10.0.40219.1
Project("{FAE04EC0-301F-11D3-BF4B-00C04F79EFBC}") = "BoxViewBug", "BoxViewBug\BoxViewBug.csproj", "{5EF3F668-2CDD-4381-A957-92C39AE9ABBD}"
EndProject
Global
	GlobalSection(SolutionConfigurationPlatforms) = preSolution
		Debug|Any CPU = Debug|Any CPU
		Release|Any CPU = Release|Any CPU
	EndGlobalSection
	GlobalSection(ProjectConfigurationPlatforms) = postSolution
		{5EF3F668-2CDD-4381-A957-92C39AE9ABBD}.Debug|Any CPU.ActiveCfg = Debug|Any CPU
		{5EF3F668-2CDD-4381-A957-92C39AE9ABBD}.Debug|Any CPU.Build.0 = Debug|Any CPU
		{5EF3F668-2CDD-4381-A957-92C39AE9ABBD}.Release|Any CPU.ActiveCfg = Release|Any CPU
		{5EF3F668-2CDD-4381-A957-92C39AE9ABBD}.Release|Any CPU.Build.0 = Release|Any CPU
	EndGlobalSection
	GlobalSection(SolutionProperties) = preSolution
		HideSolutionNode = FALSE
	EndGlobalSection
	GlobalSection(ExtensibilityGlobals) = postSolution
		SolutionGuid = {434E7666-DA0E-4243-AFDF-FAAC59A078EF}
	EndGlobalSection
EndGlobal
